
Microsoft Visual Studio Solution File, Format Version 12.00
# Visual Studio Version 17
VisualStudioVersion = 17.7.34024.191
MinimumVisualStudioVersion = 10.0.40219.1
Project("{9A19103F-16F7-4668-BE54-9A1E7A4F7556}") = "one_to_one", "one_to_one\one_to_one.csproj", "{BEA73270-5974-45A6-A469-AFBBCC7AA136}"
EndProject
Project("{FAE04EC0-301F-11D3-BF4B-00C04F79EFBC}") = "one_to_many", "one_to_many\one_to_many.csproj", "{6CAB1B08-360C-4D2E-982C-51EB578F69C7}"
EndProject
Project("{FAE04EC0-301F-11D3-BF4B-00C04F79EFBC}") = "many_to_many", "many_to_many\many_to_many.csproj", "{DEABF4E2-A384-4944-A3CE-8F54DC006F7B}"
EndProject
Global
	GlobalSection(SolutionConfigurationPlatforms) = preSolution
		Debug|Any CPU = Debug|Any CPU
		Release|Any CPU = Release|Any CPU
	EndGlobalSection
	GlobalSection(ProjectConfigurationPlatforms) = postSolution
		{BEA73270-5974-45A6-A469-AFBBCC7AA136}.Debug|Any CPU.ActiveCfg = Debug|Any CPU
		{BEA73270-5974-45A6-A469-AFBBCC7AA136}.Debug|Any CPU.Build.0 = Debug|Any CPU
		{BEA73270-5974-45A6-A469-AFBBCC7AA136}.Release|Any CPU.ActiveCfg = Release|Any CPU
		{BEA73270-5974-45A6-A469-AFBBCC7AA136}.Release|Any CPU.Build.0 = Release|Any CPU
		{6CAB1B08-360C-4D2E-982C-51EB578F69C7}.Debug|Any CPU.ActiveCfg = Debug|Any CPU
		{6CAB1B08-360C-4D2E-982C-51EB578F69C7}.Debug|Any CPU.Build.0 = Debug|Any CPU
		{6CAB1B08-360C-4D2E-982C-51EB578F69C7}.Release|Any CPU.ActiveCfg = Release|Any CPU
		{6CAB1B08-360C-4D2E-982C-51EB578F69C7}.Release|Any CPU.Build.0 = Release|Any CPU
		{DEABF4E2-A384-4944-A3CE-8F54DC006F7B}.Debug|Any CPU.ActiveCfg = Debug|Any CPU
		{DEABF4E2-A384-4944-A3CE-8F54DC006F7B}.Debug|Any CPU.Build.0 = Debug|Any CPU
		{DEABF4E2-A384-4944-A3CE-8F54DC006F7B}.Release|Any CPU.ActiveCfg = Release|Any CPU
		{DEABF4E2-A384-4944-A3CE-8F54DC006F7B}.Release|Any CPU.Build.0 = Release|Any CPU
	EndGlobalSection
	GlobalSection(SolutionProperties) = preSolution
		HideSolutionNode = FALSE
	EndGlobalSection
	GlobalSection(ExtensibilityGlobals) = postSolution
		SolutionGuid = {902B5186-C06D-440D-995B-D7C77D31762B}
	EndGlobalSection
EndGlobal
